hash: d1fa09f9cd93600ee4c84c2f9cc308dba0641f480b45b6707518758f36a47f6d
updated: 2017-01-10T22:39:24.747947641+01:00
imports:
- name: github.com/buger/goterm
  version: cc3942e537b1ab00de92d348c40acbfa6565d20f
- name: github.com/pkg/term
  version: fed4d9ece00ede8d657a7c46ec968bd35f307b77
  subpackages:
  - termios
testImports: []
